// !$*UTF8*$!
{
	archiveVersion = 1;
	classes = {
	};
	objectVersion = 46;
	objects = {

/* Begin PBXBuildFile section */
		C711CA4415436461000162EA /* furley_bg.png in Resources */ = {isa = PBXBuildFile; fileRef = C711CA4315436461000162EA /* furley_bg.png */; };
		C7187143152590A6005B936B /* MoodTable.m in Sources */ = {isa = PBXBuildFile; fileRef = C7187142152590A6005B936B /* MoodTable.m */; settings = {COMPILER_FLAGS = "-fno-objc-arc"; }; };
		C71F3DC41547CB7A001F9B62 /* StatsViewController.m in Sources */ = {isa = PBXBuildFile; fileRef = C71F3DC31547CB7A001F9B62 /* StatsViewController.m */; };
		C73F3F4215291D1800AAC3F9 /* PullToRefreshView.m in Sources */ = {isa = PBXBuildFile; fileRef = C73F3F4115291D1800AAC3F9 /* PullToRefreshView.m */; };
		C73F3F4415291DCE00AAC3F9 /* QuartzCore.framework in Frameworks */ = {isa = PBXBuildFile; fileRef = C73F3F4315291DCE00AAC3F9 /* QuartzCore.framework */; };
		C75F00781518806C00C034FD /* Face-Smile-128.png in Resources */ = {isa = PBXBuildFile; fileRef = C75F00771518806C00C034FD /* Face-Smile-128.png */; };
		C75F007A1518807A00C034FD /* Face-Sad-128.png in Resources */ = {isa = PBXBuildFile; fileRef = C75F00791518807A00C034FD /* Face-Sad-128.png */; };
		C788D5021550B2800012BBC1 /* graph_bar_trend.png in Resources */ = {isa = PBXBuildFile; fileRef = C788D5011550B2800012BBC1 /* graph_bar_trend.png */; };
		C788D5041550B2AB0012BBC1 /* pencil.png in Resources */ = {isa = PBXBuildFile; fileRef = C788D5031550B2AB0012BBC1 /* pencil.png */; };
		C788D5061550B31D0012BBC1 /* folder.png in Resources */ = {isa = PBXBuildFile; fileRef = C788D5051550B31D0012BBC1 /* folder.png */; };
		C788D50D1550BD180012BBC1 /* GradientButton.m in Sources */ = {isa = PBXBuildFile; fileRef = C788D50C1550BD180012BBC1 /* GradientButton.m */; };
		C79A3D341547541700AE9E1A /* Parse.framework in Frameworks */ = {isa = PBXBuildFile; fileRef = C79A3D331547541700AE9E1A /* Parse.framework */; };
		C79A3D371547543C00AE9E1A /* AudioToolbox.framework in Frameworks */ = {isa = PBXBuildFile; fileRef = C79A3D361547543C00AE9E1A /* AudioToolbox.framework */; };
		C79A3D391547544500AE9E1A /* CFNetwork.framework in Frameworks */ = {isa = PBXBuildFile; fileRef = C79A3D381547544500AE9E1A /* CFNetwork.framework */; };
		C79A3D3B1547545000AE9E1A /* SystemConfiguration.framework in Frameworks */ = {isa = PBXBuildFile; fileRef = C79A3D3A1547545000AE9E1A /* SystemConfiguration.framework */; };
		C79A3D3D1547545900AE9E1A /* MobileCoreServices.framework in Frameworks */ = {isa = PBXBuildFile; fileRef = C79A3D3C1547545900AE9E1A /* MobileCoreServices.framework */; };
		C79A3D3F1547546900AE9E1A /* libz.1.1.3.dylib in Frameworks */ = {isa = PBXBuildFile; fileRef = C79A3D3E1547546900AE9E1A /* libz.1.1.3.dylib */; };
		C79A3D411547547100AE9E1A /* Security.framework in Frameworks */ = {isa = PBXBuildFile; fileRef = C79A3D401547547100AE9E1A /* Security.framework */; };
		C7CC976B1511D1AC005C44C1 /* UIKit.framework in Frameworks */ = {isa = PBXBuildFile; fileRef = C7CC976A1511D1AC005C44C1 /* UIKit.framework */; };
		C7CC976D1511D1AC005C44C1 /* Foundation.framework in Frameworks */ = {isa = PBXBuildFile; fileRef = C7CC976C1511D1AC005C44C1 /* Foundation.framework */; };
		C7CC976F1511D1AC005C44C1 /* CoreGraphics.framework in Frameworks */ = {isa = PBXBuildFile; fileRef = C7CC976E1511D1AC005C44C1 /* CoreGraphics.framework */; };
		C7CC97751511D1AC005C44C1 /* InfoPlist.strings in Resources */ = {isa = PBXBuildFile; fileRef = C7CC97731511D1AC005C44C1 /* InfoPlist.strings */; };
		C7CC97771511D1AC005C44C1 /* main.m in Sources */ = {isa = PBXBuildFile; fileRef = C7CC97761511D1AC005C44C1 /* main.m */; settings = {COMPILER_FLAGS = "-fno-objc-arc"; }; };
		C7CC977B1511D1AC005C44C1 /* MTAppDelegate.m in Sources */ = {isa = PBXBuildFile; fileRef = C7CC977A1511D1AC005C44C1 /* MTAppDelegate.m */; settings = {COMPILER_FLAGS = "-fno-objc-arc"; }; };
		C7CC977E1511D1AC005C44C1 /* MainStoryboard.storyboard in Resources */ = {isa = PBXBuildFile; fileRef = C7CC977C1511D1AC005C44C1 /* MainStoryboard.storyboard */; };
		C7CC97811511D1AC005C44C1 /* MTViewController.m in Sources */ = {isa = PBXBuildFile; fileRef = C7CC97801511D1AC005C44C1 /* MTViewController.m */; settings = {COMPILER_FLAGS = "-fno-objc-arc"; }; };
		C7CC978C1511DA65005C44C1 /* libsqlite3.0.dylib in Frameworks */ = {isa = PBXBuildFile; fileRef = C7CC978B1511DA65005C44C1 /* libsqlite3.0.dylib */; };
		C7CC978E1511E51A005C44C1 /* CoreLocation.framework in Frameworks */ = {isa = PBXBuildFile; fileRef = C7CC978D1511E51A005C44C1 /* CoreLocation.framework */; };
/* End PBXBuildFile section */

/* Begin PBXFileReference section */
		C711CA4315436461000162EA /* furley_bg.png */ = {isa = PBXFileReference; lastKnownFileType = image.png; path = furley_bg.png; sourceTree = "<group>"; };
		C7187141152590A6005B936B /* MoodTable.h */ = {isa = PBXFileReference; fileEncoding = 4; lastKnownFileType = sourcecode.c.h; path = MoodTable.h; sourceTree = "<group>"; };
		C7187142152590A6005B936B /* MoodTable.m */ = {isa = PBXFileReference; fileEncoding = 4; lastKnownFileType = sourcecode.c.objc; path = MoodTable.m; sourceTree = "<group>"; };
		C71F3DC21547CB7A001F9B62 /* StatsViewController.h */ = {isa = PBXFileReference; fileEncoding = 4; lastKnownFileType = sourcecode.c.h; path = StatsViewController.h; sourceTree = "<group>"; };
		C71F3DC31547CB7A001F9B62 /* StatsViewController.m */ = {isa = PBXFileReference; fileEncoding = 4; lastKnownFileType = sourcecode.c.objc; path = StatsViewController.m; sourceTree = "<group>"; };
		C73F3F4015291D1800AAC3F9 /* PullToRefreshView.h */ = {isa = PBXFileReference; fileEncoding = 4; lastKnownFileType = sourcecode.c.h; path = PullToRefreshView.h; sourceTree = "<group>"; };
		C73F3F4115291D1800AAC3F9 /* PullToRefreshView.m */ = {isa = PBXFileReference; fileEncoding = 4; lastKnownFileType = sourcecode.c.objc; path = PullToRefreshView.m; sourceTree = "<group>"; };
		C73F3F4315291DCE00AAC3F9 /* QuartzCore.framework */ = {isa = PBXFileReference; lastKnownFileType = wrapper.framework; name = QuartzCore.framework; path = System/Library/Frameworks/QuartzCore.framework; sourceTree = SDKROOT; };
		C7497A8F1528EDB700A30A0E /* arrow.png */ = {isa = PBXFileReference; lastKnownFileType = image.png; path = arrow.png; sourceTree = "<group>"; };
		C75F00771518806C00C034FD /* Face-Smile-128.png */ = {isa = PBXFileReference; lastKnownFileType = image.png; path = "Face-Smile-128.png"; sourceTree = "<group>"; };
		C75F00791518807A00C034FD /* Face-Sad-128.png */ = {isa = PBXFileReference; lastKnownFileType = image.png; path = "Face-Sad-128.png"; sourceTree = "<group>"; };
		C788D5011550B2800012BBC1 /* graph_bar_trend.png */ = {isa = PBXFileReference; lastKnownFileType = image.png; path = graph_bar_trend.png; sourceTree = "<group>"; };
		C788D5031550B2AB0012BBC1 /* pencil.png */ = {isa = PBXFileReference; lastKnownFileType = image.png; path = pencil.png; sourceTree = "<group>"; };
		C788D5051550B31D0012BBC1 /* folder.png */ = {isa = PBXFileReference; lastKnownFileType = image.png; path = folder.png; sourceTree = "<group>"; };
		C788D50B1550BD180012BBC1 /* GradientButton.h */ = {isa = PBXFileReference; fileEncoding = 4; lastKnownFileType = sourcecode.c.h; path = GradientButton.h; sourceTree = "<group>"; };
		C788D50C1550BD180012BBC1 /* GradientButton.m */ = {isa = PBXFileReference; fileEncoding = 4; lastKnownFileType = sourcecode.c.objc; path = GradientButton.m; sourceTree = "<group>"; };
		C79A3D331547541700AE9E1A /* Parse.framework */ = {isa = PBXFileReference; lastKnownFileType = wrapper.framework; name = Parse.framework; path = MoodTrack/Parse.framework; sourceTree = "<group>"; };
		C79A3D361547543C00AE9E1A /* AudioToolbox.framework */ = {isa = PBXFileReference; lastKnownFileType = wrapper.framework; name = AudioToolbox.framework; path = System/Library/Frameworks/AudioToolbox.framework; sourceTree = SDKROOT; };
		C79A3D381547544500AE9E1A /* CFNetwork.framework */ = {isa = PBXFileReference; lastKnownFileType = wrapper.framework; name = CFNetwork.framework; path = System/Library/Frameworks/CFNetwork.framework; sourceTree = SDKROOT; };
		C79A3D3A1547545000AE9E1A /* SystemConfiguration.framework */ = {isa = PBXFileReference; lastKnownFileType = wrapper.framework; name = SystemConfiguration.framework; path = System/Library/Frameworks/SystemConfiguration.framework; sourceTree = SDKROOT; };
		C79A3D3C1547545900AE9E1A /* MobileCoreServices.framework */ = {isa = PBXFileReference; lastKnownFileType = wrapper.framework; name = MobileCoreServices.framework; path = System/Library/Frameworks/MobileCoreServices.framework; sourceTree = SDKROOT; };
		C79A3D3E1547546900AE9E1A /* libz.1.1.3.dylib */ = {isa = PBXFileReference; lastKnownFileType = "compiled.mach-o.dylib"; name = libz.1.1.3.dylib; path = usr/lib/libz.1.1.3.dylib; sourceTree = SDKROOT; };
		C79A3D401547547100AE9E1A /* Security.framework */ = {isa = PBXFileReference; lastKnownFileType = wrapper.framework; name = Security.framework; path = System/Library/Frameworks/Security.framework; sourceTree = SDKROOT; };
		C7CC97661511D1AC005C44C1 /* MoodTrack.app */ = {isa = PBXFileReference; explicitFileType = wrapper.application; includeInIndex = 0; path = MoodTrack.app; sourceTree = BUILT_PRODUCTS_DIR; };
		C7CC976A1511D1AC005C44C1 /* UIKit.framework */ = {isa = PBXFileReference; lastKnownFileType = wrapper.framework; name = UIKit.framework; path = System/Library/Frameworks/UIKit.framework; sourceTree = SDKROOT; };
		C7CC976C1511D1AC005C44C1 /* Foundation.framework */ = {isa = PBXFileReference; lastKnownFileType = wrapper.framework; name = Foundation.framework; path = System/Library/Frameworks/Foundation.framework; sourceTree = SDKROOT; };
		C7CC976E1511D1AC005C44C1 /* CoreGraphics.framework */ = {isa = PBXFileReference; lastKnownFileType = wrapper.framework; name = CoreGraphics.framework; path = System/Library/Frameworks/CoreGraphics.framework; sourceTree = SDKROOT; };
		C7CC97721511D1AC005C44C1 /* MoodTrack-Info.plist */ = {isa = PBXFileReference; lastKnownFileType = text.plist.xml; path = "MoodTrack-Info.plist"; sourceTree = "<group>"; };
		C7CC97741511D1AC005C44C1 /* en */ = {isa = PBXFileReference; lastKnownFileType = text.plist.strings; name = en; path = en.lproj/InfoPlist.strings; sourceTree = "<group>"; };
		C7CC97761511D1AC005C44C1 /* main.m */ = {isa = PBXFileReference; lastKnownFileType = sourcecode.c.objc; path = main.m; sourceTree = "<group>"; };
		C7CC97781511D1AC005C44C1 /* MoodTrack-Prefix.pch */ = {isa = PBXFileReference; lastKnownFileType = sourcecode.c.h; path = "MoodTrack-Prefix.pch"; sourceTree = "<group>"; };
		C7CC97791511D1AC005C44C1 /* MTAppDelegate.h */ = {isa = PBXFileReference; lastKnownFileType = sourcecode.c.h; path = MTAppDelegate.h; sourceTree = "<group>"; };
		C7CC977A1511D1AC005C44C1 /* MTAppDelegate.m */ = {isa = PBXFileReference; lastKnownFileType = sourcecode.c.objc; path = MTAppDelegate.m; sourceTree = "<group>"; };
		C7CC977D1511D1AC005C44C1 /* en */ = {isa = PBXFileReference; lastKnownFileType = file.storyboard; name = en; path = en.lproj/MainStoryboard.storyboard; sourceTree = "<group>"; };
		C7CC977F1511D1AC005C44C1 /* MTViewController.h */ = {isa = PBXFileReference; lastKnownFileType = sourcecode.c.h; path = MTViewController.h; sourceTree = "<group>"; };
		C7CC97801511D1AC005C44C1 /* MTViewController.m */ = {isa = PBXFileReference; lastKnownFileType = sourcecode.c.objc; path = MTViewController.m; sourceTree = "<group>"; };
		C7CC978B1511DA65005C44C1 /* libsqlite3.0.dylib */ = {isa = PBXFileReference; lastKnownFileType = "compiled.mach-o.dylib"; name = libsqlite3.0.dylib; path = usr/lib/libsqlite3.0.dylib; sourceTree = SDKROOT; };
		C7CC978D1511E51A005C44C1 /* CoreLocation.framework */ = {isa = PBXFileReference; lastKnownFileType = wrapper.framework; name = CoreLocation.framework; path = System/Library/Frameworks/CoreLocation.framework; sourceTree = SDKROOT; };
/* End PBXFileReference section */

/* Begin PBXFrameworksBuildPhase section */
		C7CC97631511D1AC005C44C1 /* Frameworks */ = {
			isa = PBXFrameworksBuildPhase;
			buildActionMask = 2147483647;
			files = (
				C73F3F4415291DCE00AAC3F9 /* QuartzCore.framework in Frameworks */,
				C79A3D411547547100AE9E1A /* Security.framework in Frameworks */,
				C79A3D3F1547546900AE9E1A /* libz.1.1.3.dylib in Frameworks */,
				C7CC976F1511D1AC005C44C1 /* CoreGraphics.framework in Frameworks */,
				C79A3D3D1547545900AE9E1A /* MobileCoreServices.framework in Frameworks */,
				C79A3D3B1547545000AE9E1A /* SystemConfiguration.framework in Frameworks */,
				C79A3D391547544500AE9E1A /* CFNetwork.framework in Frameworks */,
				C79A3D371547543C00AE9E1A /* AudioToolbox.framework in Frameworks */,
				C7CC978E1511E51A005C44C1 /* CoreLocation.framework in Frameworks */,
				C7CC978C1511DA65005C44C1 /* libsqlite3.0.dylib in Frameworks */,
				C7CC976B1511D1AC005C44C1 /* UIKit.framework in Frameworks */,
				C7CC976D1511D1AC005C44C1 /* Foundation.framework in Frameworks */,
				C79A3D341547541700AE9E1A /* Parse.framework in Frameworks */,
			);
			runOnlyForDeploymentPostprocessing = 0;
		};
/* End PBXFrameworksBuildPhase section */

/* Begin PBXGroup section */
		C73F3F3F15291D1800AAC3F9 /* PullToRefreshView */ = {
			isa = PBXGroup;
			children = (
				C73F3F4015291D1800AAC3F9 /* PullToRefreshView.h */,
				C73F3F4115291D1800AAC3F9 /* PullToRefreshView.m */,
			);
			path = PullToRefreshView;
			sourceTree = "<group>";
		};
		C75F007315187E8600C034FD /* Images */ = {
			isa = PBXGroup;
			children = (
				C788D5051550B31D0012BBC1 /* folder.png */,
				C788D5031550B2AB0012BBC1 /* pencil.png */,
				C788D5011550B2800012BBC1 /* graph_bar_trend.png */,
				C711CA4315436461000162EA /* furley_bg.png */,
				C7497A8F1528EDB700A30A0E /* arrow.png */,
				C75F00791518807A00C034FD /* Face-Sad-128.png */,
				C75F00771518806C00C034FD /* Face-Smile-128.png */,
			);
			name = Images;
			path = ..;
			sourceTree = "<group>";
		};
		C788D50E1550C55B0012BBC1 /* GradientButton */ = {
			isa = PBXGroup;
			children = (
				C788D50B1550BD180012BBC1 /* GradientButton.h */,
				C788D50C1550BD180012BBC1 /* GradientButton.m */,
			);
			name = GradientButton;
			sourceTree = "<group>";
		};
		C7CC975B1511D1AC005C44C1 = {
			isa = PBXGroup;
			children = (
				C7CC97701511D1AC005C44C1 /* MoodTrack */,
				C7CC97691511D1AC005C44C1 /* Frameworks */,
				C7CC97671511D1AC005C44C1 /* Products */,
				C73F3F3F15291D1800AAC3F9 /* PullToRefreshView */,
			);
			sourceTree = "<group>";
		};
		C7CC97671511D1AC005C44C1 /* Products */ = {
			isa = PBXGroup;
			children = (
				C7CC97661511D1AC005C44C1 /* MoodTrack.app */,
			);
			name = Products;
			sourceTree = "<group>";
		};
		C7CC97691511D1AC005C44C1 /* Frameworks */ = {
			isa = PBXGroup;
			children = (
				C79A3D401547547100AE9E1A /* Security.framework */,
				C79A3D3C1547545900AE9E1A /* MobileCoreServices.framework */,
				C79A3D3A1547545000AE9E1A /* SystemConfiguration.framework */,
				C79A3D381547544500AE9E1A /* CFNetwork.framework */,
				C79A3D361547543C00AE9E1A /* AudioToolbox.framework */,
				C73F3F4315291DCE00AAC3F9 /* QuartzCore.framework */,
				C7CC978D1511E51A005C44C1 /* CoreLocation.framework */,
				C79A3D331547541700AE9E1A /* Parse.framework */,
				C7CC976A1511D1AC005C44C1 /* UIKit.framework */,
				C7CC976C1511D1AC005C44C1 /* Foundation.framework */,
				C7CC976E1511D1AC005C44C1 /* CoreGraphics.framework */,
			);
			name = Frameworks;
			sourceTree = "<group>";
		};
		C7CC97701511D1AC005C44C1 /* MoodTrack */ = {
			isa = PBXGroup;
			children = (
				C788D50E1550C55B0012BBC1 /* GradientButton */,
				C75F007315187E8600C034FD /* Images */,
				C7CC97791511D1AC005C44C1 /* MTAppDelegate.h */,
				C7CC977A1511D1AC005C44C1 /* MTAppDelegate.m */,
				C7187141152590A6005B936B /* MoodTable.h */,
				C7187142152590A6005B936B /* MoodTable.m */,
				C7CC977C1511D1AC005C44C1 /* MainStoryboard.storyboard */,
				C7CC977F1511D1AC005C44C1 /* MTViewController.h */,
				C7CC97801511D1AC005C44C1 /* MTViewController.m */,
				C71F3DC21547CB7A001F9B62 /* StatsViewController.h */,
				C71F3DC31547CB7A001F9B62 /* StatsViewController.m */,
				C7CC97711511D1AC005C44C1 /* Supporting Files */,
			);
			path = MoodTrack;
			sourceTree = "<group>";
		};
		C7CC97711511D1AC005C44C1 /* Supporting Files */ = {
			isa = PBXGroup;
			children = (
				C79A3D3E1547546900AE9E1A /* libz.1.1.3.dylib */,
				C7CC978B1511DA65005C44C1 /* libsqlite3.0.dylib */,
				C7CC97721511D1AC005C44C1 /* MoodTrack-Info.plist */,
				C7CC97731511D1AC005C44C1 /* InfoPlist.strings */,
				C7CC97761511D1AC005C44C1 /* main.m */,
				C7CC97781511D1AC005C44C1 /* MoodTrack-Prefix.pch */,
			);
			name = "Supporting Files";
			sourceTree = "<group>";
		};
/* End PBXGroup section */

/* Begin PBXNativeTarget section */
		C7CC97651511D1AC005C44C1 /* MoodTrack */ = {
			isa = PBXNativeTarget;
			buildConfigurationList = C7CC97841511D1AC005C44C1 /* Build configuration list for PBXNativeTarget "MoodTrack" */;
			buildPhases = (
				C7CC97621511D1AC005C44C1 /* Sources */,
				C7CC97631511D1AC005C44C1 /* Frameworks */,
				C7CC97641511D1AC005C44C1 /* Resources */,
			);
			buildRules = (
			);
			dependencies = (
			);
			name = MoodTrack;
			productName = MoodTrack;
			productReference = C7CC97661511D1AC005C44C1 /* MoodTrack.app */;
			productType = "com.apple.product-type.application";
		};
/* End PBXNativeTarget section */

/* Begin PBXProject section */
		C7CC975D1511D1AC005C44C1 /* Project object */ = {
			isa = PBXProject;
			attributes = {
				LastUpgradeCheck = 0430;
			};
			buildConfigurationList = C7CC97601511D1AC005C44C1 /* Build configuration list for PBXProject "MoodTrack" */;
			compatibilityVersion = "Xcode 3.2";
			developmentRegion = English;
			hasScannedForEncodings = 0;
			knownRegions = (
				en,
			);
			mainGroup = C7CC975B1511D1AC005C44C1;
			productRefGroup = C7CC97671511D1AC005C44C1 /* Products */;
			projectDirPath = "";
			projectRoot = "";
			targets = (
				C7CC97651511D1AC005C44C1 /* MoodTrack */,
			);
		};
/* End PBXProject section */

/* Begin PBXResourcesBuildPhase section */
		C7CC97641511D1AC005C44C1 /* Resources */ = {
			isa = PBXResourcesBuildPhase;
			buildActionMask = 2147483647;
			files = (
				C7CC97751511D1AC005C44C1 /* InfoPlist.strings in Resources */,
				C7CC977E1511D1AC005C44C1 /* MainStoryboard.storyboard in Resources */,
				C75F00781518806C00C034FD /* Face-Smile-128.png in Resources */,
				C75F007A1518807A00C034FD /* Face-Sad-128.png in Resources */,
				C711CA4415436461000162EA /* furley_bg.png in Resources */,
				C788D5021550B2800012BBC1 /* graph_bar_trend.png in Resources */,
				C788D5041550B2AB0012BBC1 /* pencil.png in Resources */,
				C788D5061550B31D0012BBC1 /* folder.png in Resources */,
			);
			runOnlyForDeploymentPostprocessing = 0;
		};
/* End PBXResourcesBuildPhase section */

/* Begin PBXSourcesBuildPhase section */
		C7CC97621511D1AC005C44C1 /* Sources */ = {
			isa = PBXSourcesBuildPhase;
			buildActionMask = 2147483647;
			files = (
				C7CC97771511D1AC005C44C1 /* main.m in Sources */,
				C7CC977B1511D1AC005C44C1 /* MTAppDelegate.m in Sources */,
				C7CC97811511D1AC005C44C1 /* MTViewController.m in Sources */,
				C7187143152590A6005B936B /* MoodTable.m in Sources */,
				C73F3F4215291D1800AAC3F9 /* PullToRefreshView.m in Sources */,
				C71F3DC41547CB7A001F9B62 /* StatsViewController.m in Sources */,
				C788D50D1550BD180012BBC1 /* GradientButton.m in Sources */,
			);
			runOnlyForDeploymentPostprocessing = 0;
		};
/* End PBXSourcesBuildPhase section */

/* Begin PBXVariantGroup section */
		C7CC97731511D1AC005C44C1 /* InfoPlist.strings */ = {
			isa = PBXVariantGroup;
			children = (
				C7CC97741511D1AC005C44C1 /* en */,
			);
			name = InfoPlist.strings;
			sourceTree = "<group>";
		};
		C7CC977C1511D1AC005C44C1 /* MainStoryboard.storyboard */ = {
			isa = PBXVariantGroup;
			children = (
				C7CC977D1511D1AC005C44C1 /* en */,
			);
			name = MainStoryboard.storyboard;
			sourceTree = "<group>";
		};
/* End PBXVariantGroup section */

/* Begin XCBuildConfiguration section */
		C7CC97821511D1AC005C44C1 /* Debug */ = {
			isa = XCBuildConfiguration;
			buildSettings = {
				ALWAYS_SEARCH_USER_PATHS = NO;
				ARCHS = "$(ARCHS_STANDARD_32_BIT)";
				CLANG_ENABLE_OBJC_ARC = YES;
				"CODE_SIGN_IDENTITY[sdk=iphoneos*]" = "iPhone Developer";
				COPY_PHASE_STRIP = NO;
				GCC_C_LANGUAGE_STANDARD = gnu99;
				GCC_DYNAMIC_NO_PIC = NO;
				GCC_OPTIMIZATION_LEVEL = 0;
				GCC_PREPROCESSOR_DEFINITIONS = (
					"DEBUG=1",
					"$(inherited)",
				);
				GCC_SYMBOLS_PRIVATE_EXTERN = NO;
				GCC_VERSION = com.apple.compilers.llvm.clang.1_0;
				GCC_WARN_ABOUT_MISSING_PROTOTYPES = YES;
				GCC_WARN_ABOUT_RETURN_TYPE = YES;
				GCC_WARN_UNUSED_VARIABLE = YES;
				IPHONEOS_DEPLOYMENT_TARGET = 5.0;
				SDKROOT = iphoneos;
			};
			name = Debug;
		};
		C7CC97831511D1AC005C44C1 /* Release */ = {
			isa = XCBuildConfiguration;
			buildSettings = {
				ALWAYS_SEARCH_USER_PATHS = NO;
				ARCHS = "$(ARCHS_STANDARD_32_BIT)";
				CLANG_ENABLE_OBJC_ARC = YES;
				"CODE_SIGN_IDENTITY[sdk=iphoneos*]" = "iPhone Developer";
				COPY_PHASE_STRIP = YES;
				GCC_C_LANGUAGE_STANDARD = gnu99;
				GCC_VERSION = com.apple.compilers.llvm.clang.1_0;
				GCC_WARN_ABOUT_MISSING_PROTOTYPES = YES;
				GCC_WARN_ABOUT_RETURN_TYPE = YES;
				GCC_WARN_UNUSED_VARIABLE = YES;
				IPHONEOS_DEPLOYMENT_TARGET = 5.0;
				OTHER_CFLAGS = "-DNS_BLOCK_ASSERTIONS=1";
				SDKROOT = iphoneos;
				VALIDATE_PRODUCT = YES;
			};
			name = Release;
		};
		C7CC97851511D1AC005C44C1 /* Debug */ = {
			isa = XCBuildConfiguration;
			buildSettings = {
				FRAMEWORK_SEARCH_PATHS = (
					"$(inherited)",
					"\"$(SRCROOT)/MoodTrack\"",
				);
				GCC_PRECOMPILE_PREFIX_HEADER = YES;
				GCC_PREFIX_HEADER = "MoodTrack/MoodTrack-Prefix.pch";
				INFOPLIST_FILE = "MoodTrack/MoodTrack-Info.plist";
				PRODUCT_NAME = "$(TARGET_NAME)";
				WRAPPER_EXTENSION = app;
			};
			name = Debug;
		};
		C7CC97861511D1AC005C44C1 /* Release */ = {
			isa = XCBuildConfiguration;
			buildSettings = {
				FRAMEWORK_SEARCH_PATHS = (
					"$(inherited)",
					"\"$(SRCROOT)/MoodTrack\"",
				);
				GCC_PRECOMPILE_PREFIX_HEADER = YES;
				GCC_PREFIX_HEADER = "MoodTrack/MoodTrack-Prefix.pch";
				INFOPLIST_FILE = "MoodTrack/MoodTrack-Info.plist";
				PRODUCT_NAME = "$(TARGET_NAME)";
				WRAPPER_EXTENSION = app;
			};
			name = Release;
		};
/* End XCBuildConfiguration section */

/* Begin XCConfigurationList section */
		C7CC97601511D1AC005C44C1 /* Build configuration list for PBXProject "MoodTrack" */ = {
			isa = XCConfigurationList;
			buildConfigurations = (
				C7CC97821511D1AC005C44C1 /* Debug */,
				C7CC97831511D1AC005C44C1 /* Release */,
			);
			defaultConfigurationIsVisible = 0;
			defaultConfigurationName = Release;
		};
		C7CC97841511D1AC005C44C1 /* Build configuration list for PBXNativeTarget "MoodTrack" */ = {
			isa = XCConfigurationList;
			buildConfigurations = (
				C7CC97851511D1AC005C44C1 /* Debug */,
				C7CC97861511D1AC005C44C1 /* Release */,
			);
			defaultConfigurationIsVisible = 0;
			defaultConfigurationName = Release;
		};
/* End XCConfigurationList section */
	};
	rootObject = C7CC975D1511D1AC005C44C1 /* Project object */;
}
